
Microsoft Visual Studio Solution File, Format Version 12.00
# Visual Studio Version 17
VisualStudioVersion = 17.1.31911.260
MinimumVisualStudioVersion = 10.0.40219.1
Project("{FAE04EC0-301F-11D3-BF4B-00C04F79EFBC}") = "StandardDotNetEventPattren", "StandardDotNetEventPattren\StandardDotNetEventPattren.csproj", "{DD5CAB98-E88A-43D3-AC6E-D6D3BEAEB8C3}"
EndProject
Global
	GlobalSection(SolutionConfigurationPlatforms) = preSolution
		Debug|Any CPU = Debug|Any CPU
		Release|Any CPU = Release|Any CPU
	EndGlobalSection
	GlobalSection(ProjectConfigurationPlatforms) = postSolution
		{DD5CAB98-E88A-43D3-AC6E-D6D3BEAEB8C3}.Debug|Any CPU.ActiveCfg = Debug|Any CPU
		{DD5CAB98-E88A-43D3-AC6E-D6D3BEAEB8C3}.Debug|Any CPU.Build.0 = Debug|Any CPU
		{DD5CAB98-E88A-43D3-AC6E-D6D3BEAEB8C3}.Release|Any CPU.ActiveCfg = Release|Any CPU
		{DD5CAB98-E88A-43D3-AC6E-D6D3BEAEB8C3}.Release|Any CPU.Build.0 = Release|Any CPU
	EndGlobalSection
	GlobalSection(SolutionProperties) = preSolution
		HideSolutionNode = FALSE
	EndGlobalSection
	GlobalSection(ExtensibilityGlobals) = postSolution
		SolutionGuid = {3E88F1E7-3054-441E-92D8-91117A133EC4}
	EndGlobalSection
EndGlobal
